
Microsoft Visual Studio Solution File, Format Version 12.00
# Visual Studio Version 17
VisualStudioVersion = 17.3.32825.248
MinimumVisualStudioVersion = 10.0.40219.1
Project("{FAE04EC0-301F-11D3-BF4B-00C04F79EFBC}") = "7.1", "7.1\7.1.csproj", "{4D50E4EB-1875-4270-8F61-0BA61F43F08F}"
EndProject
Global
	GlobalSection(SolutionConfigurationPlatforms) = preSolution
		Debug|Any CPU = Debug|Any CPU
		Release|Any CPU = Release|Any CPU
	EndGlobalSection
	GlobalSection(ProjectConfigurationPlatforms) = postSolution
		{4D50E4EB-1875-4270-8F61-0BA61F43F08F}.Debug|Any CPU.ActiveCfg = Debug|Any CPU
		{4D50E4EB-1875-4270-8F61-0BA61F43F08F}.Debug|Any CPU.Build.0 = Debug|Any CPU
		{4D50E4EB-1875-4270-8F61-0BA61F43F08F}.Release|Any CPU.ActiveCfg = Release|Any CPU
		{4D50E4EB-1875-4270-8F61-0BA61F43F08F}.Release|Any CPU.Build.0 = Release|Any CPU
	EndGlobalSection
	GlobalSection(SolutionProperties) = preSolution
		HideSolutionNode = FALSE
	EndGlobalSection
	GlobalSection(ExtensibilityGlobals) = postSolution
		SolutionGuid = {F7D62B85-829C-4DAD-8767-65C0F7740159}
	EndGlobalSection
EndGlobal
